dependencies:
- name: prometheus
  repository: https://prometheus-community.github.io/helm-charts
  version: 25.27.0
- name: clickhouse-serverless
  repository: file://../clickhouse-serverless
  version: 0.2.0
- name: langwatch-gateway
  repository: file://../gateway
  version: 3.7.1
- name: langwatch-langyagent
  repository: file://../langyagent
  version: 3.7.1
digest: sha256:3db35bfdf5bce1d9a073bd225662b8a31bbac28a0feb643f803de6ef4f3dec55
generated: "2026-07-26T21:07:13.691078582Z"
